
Microsoft Visual Studio Solution File, Format Version 12.00
# Visual Studio Version 17
VisualStudioVersion = 17.14.36623.8
MinimumVisualStudioVersion = 10.0.40219.1
Project("{8BC9CEB8-8B4A-11D0-8D11-00A0C91BC942}") = "SudokuLib", "SudokuLib\SudokuLib.vcxproj", "{522FDC32-C05C-41E2-B5A9-F0886B8DD114}"
EndProject
Project("{8BC9CEB8-8B4A-11D0-8D11-00A0C91BC942}") = "SudokuUI", "SudokuUI\SudokuUI.vcxproj", "{F45A7C5F-DCF2-4CB5-A346-FF0D0B8B4F32}"
	ProjectSection(ProjectDependencies) = postProject
		{522FDC32-C05C-41E2-B5A9-F0886B8DD114} = {522FDC32-C05C-41E2-B5A9-F0886B8DD114}
	EndProjectSection
EndProject
Project("{8BC9CEB8-8B4A-11D0-8D11-00A0C91BC942}") = "SudokuTests", "SudokuTests\SudokuTests.vcxproj", "{6DCD9EBC-22DF-4701-86C4-33DA87F846FF}"
	ProjectSection(ProjectDependencies) = postProject
		{522FDC32-C05C-41E2-B5A9-F0886B8DD114} = {522FDC32-C05C-41E2-B5A9-F0886B8DD114}
	EndProjectSection
EndProject
Global
	GlobalSection(SolutionConfigurationPlatforms) = preSolution
		Debug|x64 = Debug|x64
		Debug|x86 = Debug|x86
		Release|x64 = Release|x64
		Release|x86 = Release|x86
	EndGlobalSection
	GlobalSection(ProjectConfigurationPlatforms) = postSolution
		{522FDC32-C05C-41E2-B5A9-F0886B8DD114}.Debug|x64.ActiveCfg = Debug|x64
		{522FDC32-C05C-41E2-B5A9-F0886B8DD114}.Debug|x64.Build.0 = Debug|x64
		{522FDC32-C05C-41E2-B5A9-F0886B8DD114}.Debug|x86.ActiveCfg = Debug|Win32
		{522FDC32-C05C-41E2-B5A9-F0886B8DD114}.Debug|x86.Build.0 = Debug|Win32
		{522FDC32-C05C-41E2-B5A9-F0886B8DD114}.Release|x64.ActiveCfg = Release|x64
		{522FDC32-C05C-41E2-B5A9-F0886B8DD114}.Release|x64.Build.0 = Release|x64
		{522FDC32-C05C-41E2-B5A9-F0886B8DD114}.Release|x86.ActiveCfg = Release|Win32
		{522FDC32-C05C-41E2-B5A9-F0886B8DD114}.Release|x86.Build.0 = Release|Win32
		{F45A7C5F-DCF2-4CB5-A346-FF0D0B8B4F32}.Debug|x64.ActiveCfg = Debug|x64
		{F45A7C5F-DCF2-4CB5-A346-FF0D0B8B4F32}.Debug|x64.Build.0 = Debug|x64
		{F45A7C5F-DCF2-4CB5-A346-FF0D0B8B4F32}.Debug|x86.ActiveCfg = Debug|Win32
		{F45A7C5F-DCF2-4CB5-A346-FF0D0B8B4F32}.Debug|x86.Build.0 = Debug|Win32
		{F45A7C5F-DCF2-4CB5-A346-FF0D0B8B4F32}.Release|x64.ActiveCfg = Release|x64
		{F45A7C5F-DCF2-4CB5-A346-FF0D0B8B4F32}.Release|x64.Build.0 = Release|x64
		{F45A7C5F-DCF2-4CB5-A346-FF0D0B8B4F32}.Release|x86.ActiveCfg = Release|Win32
		{F45A7C5F-DCF2-4CB5-A346-FF0D0B8B4F32}.Release|x86.Build.0 = Release|Win32
		{6DCD9EBC-22DF-4701-86C4-33DA87F846FF}.Debug|x64.ActiveCfg = Debug|x64
		{6DCD9EBC-22DF-4701-86C4-33DA87F846FF}.Debug|x64.Build.0 = Debug|x64
		{6DCD9EBC-22DF-4701-86C4-33DA87F846FF}.Debug|x86.ActiveCfg = Debug|Win32
		{6DCD9EBC-22DF-4701-86C4-33DA87F846FF}.Debug|x86.Build.0 = Debug|Win32
		{6DCD9EBC-22DF-4701-86C4-33DA87F846FF}.Release|x64.ActiveCfg = Release|x64
		{6DCD9EBC-22DF-4701-86C4-33DA87F846FF}.Release|x64.Build.0 = Release|x64
		{6DCD9EBC-22DF-4701-86C4-33DA87F846FF}.Release|x86.ActiveCfg = Release|Win32
		{6DCD9EBC-22DF-4701-86C4-33DA87F846FF}.Release|x86.Build.0 = Release|Win32
	EndGlobalSection
	GlobalSection(SolutionProperties) = preSolution
		HideSolutionNode = FALSE
	EndGlobalSection
	GlobalSection(ExtensibilityGlobals) = postSolution
		SolutionGuid = {5A270DCD-4AC0-408D-B94D-CA237A44A6C1}
	EndGlobalSection
EndGlobal
